{
  "lockfileVersion": 1,
  "workspaces": {
    "": {
      "name": "payflux",
      "dependencies": {
        "@cross/kv": "npm:@jsr/cross__kv",
        "hono": "^4.9.7",
        "sats-connect": "^3.6.1",
      },
      "devDependencies": {
        "@types/bun": "latest",
      },
      "peerDependencies": {
        "typescript": "^5",
      },
    },
  },
  "packages": {
    "@cbor-extract/cbor-extract-darwin-arm64": ["@cbor-extract/cbor-extract-darwin-arm64@2.2.0", "", { "os": "darwin", "cpu": "arm64" }, "sha512-P7swiOAdF7aSi0H+tHtHtr6zrpF3aAq/W9FXx5HektRvLTM2O89xCyXF3pk7pLc7QpaY7AoaE8UowVf9QBdh3w=="],

    "@cbor-extract/cbor-extract-darwin-x64": ["@cbor-extract/cbor-extract-darwin-x64@2.2.0", "", { "os": "darwin", "cpu": "x64" }, "sha512-1liF6fgowph0JxBbYnAS7ZlqNYLf000Qnj4KjqPNW4GViKrEql2MgZnAsExhY9LSy8dnvA4C0qHEBgPrll0z0w=="],

    "@cbor-extract/cbor-extract-linux-arm": ["@cbor-extract/cbor-extract-linux-arm@2.2.0", "", { "os": "linux", "cpu": "arm" }, "sha512-QeBcBXk964zOytiedMPQNZr7sg0TNavZeuUCD6ON4vEOU/25+pLhNN6EDIKJ9VLTKaZ7K7EaAriyYQ1NQ05s/Q=="],

    "@cbor-extract/cbor-extract-linux-arm64": ["@cbor-extract/cbor-extract-linux-arm64@2.2.0", "", { "os": "linux", "cpu": "arm64" }, "sha512-rQvhNmDuhjTVXSPFLolmQ47/ydGOFXtbR7+wgkSY0bdOxCFept1hvg59uiLPT2fVDuJFuEy16EImo5tE2x3RsQ=="],

    "@cbor-extract/cbor-extract-linux-x64": ["@cbor-extract/cbor-extract-linux-x64@2.2.0", "", { "os": "linux", "cpu": "x64" }, "sha512-cWLAWtT3kNLHSvP4RKDzSTX9o0wvQEEAj4SKvhWuOVZxiDAeQazr9A+PSiRILK1VYMLeDml89ohxCnUNQNQNCw=="],

    "@cbor-extract/cbor-extract-win32-x64": ["@cbor-extract/cbor-extract-win32-x64@2.2.0", "", { "os": "win32", "cpu": "x64" }, "sha512-l2M+Z8DO2vbvADOBNLbbh9y5ST1RY5sqkWOg/58GkUPBYou/cuNZ68SGQ644f1CvZ8kcOxyZtw06+dxWHIoN/w=="],

    "@cross/kv": ["@jsr/cross__kv@0.17.3", "https://npm.jsr.io/~/11/@jsr/cross__kv/0.17.3.tgz", { "dependencies": { "@jsr/cross__fs": "~0.1.11", "@jsr/cross__runtime": "^1.1.0", "@jsr/cross__utils": "~0.16.0", "@jsr/std__path": "~1.0.4", "cbor-x": "~1.6.0" } }, "sha512-PNnSxMYJ7Co06Q4we05lzhxqRXrR8Mt97xHYEOY59sT6jEgJByufcx80fHFg/i0Mfug3pHeg/0oD1C4icsOJCQ=="],

    "@jsr/cross__deepmerge": ["@jsr/cross__deepmerge@1.0.0", "https://npm.jsr.io/~/11/@jsr/cross__deepmerge/1.0.0.tgz", {}, "sha512-AojyLcLUUfKRy+ZuNYD1c5W1EWVhAHqxwJs5OXxPBUgzerk5RsV0GGSxp31cEb4xOedD+Cz4KEdNNCtpRMekfw=="],

    "@jsr/cross__dir": ["@jsr/cross__dir@1.1.0", "https://npm.jsr.io/~/11/@jsr/cross__dir/1.1.0.tgz", { "dependencies": { "@jsr/cross__env": "^1.0.0", "@jsr/cross__runtime": "^1.0.0", "@jsr/cross__utils": "^0.7.0" } }, "sha512-AcsOTWumdnZ/oFohrBUhVRmH+s6UzCCKtXyYBhsJDJ8kDpC8M3uZlPlhXMCi/d6TIcog2CXo8Mh6EUcnerkZMA=="],

    "@jsr/cross__env": ["@jsr/cross__env@1.0.3", "https://npm.jsr.io/~/11/@jsr/cross__env/1.0.3.tgz", { "dependencies": { "@jsr/cross__deepmerge": "^1.0.0", "@jsr/cross__runtime": "^1.0.0" } }, "sha512-tp28OiCalQDungF2MC7wiwN+Qgr4B9/gGN7o40zIt+ZVCilm6xM9ITnLr6oB3X+MY1ppVYFeOwmsBe3RfZC2rw=="],

    "@jsr/cross__fs": ["@jsr/cross__fs@0.1.13", "https://npm.jsr.io/~/11/@jsr/cross__fs/0.1.13.tgz", { "dependencies": { "@jsr/cross__dir": "^1.1.0", "@jsr/cross__env": "^1.0.0", "@jsr/cross__runtime": "^1.0.0", "@jsr/std__path": "^1.0.8" } }, "sha512-kb8XfJlreRFYKujjUYaImesyZssZGkvxvDQ38KP/HTNU1+pVK77ZyRvHC0/wSQC8HsP56Fch50u5s4J7IfWCJA=="],

    "@jsr/cross__runtime": ["@jsr/cross__runtime@1.2.1", "https://npm.jsr.io/~/11/@jsr/cross__runtime/1.2.1.tgz", {}, "sha512-/11gi9jNGA38w3vbRLqrjfz6LBU711+NZ9gYLxUFPsrGGwjOHwcJ1TSC2+fjIZbzJ21e733IEbvKX2sz8jKvmg=="],

    "@jsr/cross__utils": ["@jsr/cross__utils@0.16.0", "https://npm.jsr.io/~/11/@jsr/cross__utils/0.16.0.tgz", { "dependencies": { "@jsr/cross__fs": "^0.1.11", "@jsr/cross__runtime": "^1.0.0" } }, "sha512-/CcydGQoFmwz/AvHVu2FgBl6eAxk/zAIbxpyBlS6RFQkF0pjBvOrlLXsH+0YXZYD1UE+pg7k+KmD0msEqMbMLw=="],

    "@jsr/std__path": ["@jsr/std__path@1.0.9", "https://npm.jsr.io/~/11/@jsr/std__path/1.0.9.tgz", {}, "sha512-RgmPBRH22dP5D3ojPqsqH8eXHvOv9uOOycmnIzTeP0ufkw/B0Qgjbmn6JgFsJS1VD6iqhfYDXmlqf/jSARz/Gg=="],

    "@noble/hashes": ["@noble/hashes@1.8.0", "", {}, "sha512-jCs9ldd7NwzpgXDIf6P3+NrHh9/sD6CQdxHyjQI+h/6rDNo88ypBxxz45UDuZHz9r3tNz7N/VInSVoVdtXEI4A=="],

    "@noble/secp256k1": ["@noble/secp256k1@1.7.2", "", {}, "sha512-/qzwYl5eFLH8OWIecQWM31qld2g1NfjgylK+TNhqtaUKP37Nm+Y+z30Fjhw0Ct8p9yCQEm2N3W/AckdIb3SMcQ=="],

    "@sats-connect/core": ["@sats-connect/core@0.6.11", "", { "dependencies": { "axios": "1.8.4", "bitcoin-address-validation": "2.2.3", "buffer": "6.0.3", "jsontokens": "4.0.1" }, "peerDependencies": { "valibot": "1.1.0" } }, "sha512-xF2zGCJTH3ZargGRe/n3aiA7vfVzKhlPUDt+Q3dmY5tQiUXqiIjwQY7MBY9ZjQ7SFdURI6fTudMbSzbb2i0mkQ=="],

    "@sats-connect/make-default-provider-config": ["@sats-connect/make-default-provider-config@0.0.10", "", { "dependencies": { "@sats-connect/ui": "^0.0.6", "bowser": "^2.11.0" }, "peerDependencies": { "@sats-connect/core": "*", "typescript": "^5.0.0" } }, "sha512-BBot3Ofa2J7OwXprgYPD4C8dppX4nnPxj4FXWq1H7fDsvwJmW4sAnfmnAIzwmyWZJOR2uZqtTkXAA08sVkoN5g=="],

    "@sats-connect/ui": ["@sats-connect/ui@0.0.7", "", {}, "sha512-dq02JxvTSAkfgFzEz4iWDSamm6Dte1omzxK0F1yytRZbIrbjjz1KmlMHM+uuxnFN9+EzHIHNsA4aS2dEDwh0xw=="],

    "@types/bun": ["@types/bun@1.2.21", "", { "dependencies": { "bun-types": "1.2.21" } }, "sha512-NiDnvEqmbfQ6dmZ3EeUO577s4P5bf4HCTXtI6trMc6f6RzirY5IrF3aIookuSpyslFzrnvv2lmEWv5HyC1X79A=="],

    "@types/node": ["@types/node@24.3.3", "", { "dependencies": { "undici-types": "~7.10.0" } }, "sha512-GKBNHjoNw3Kra1Qg5UXttsY5kiWMEfoHq2TmXb+b1rcm6N7B3wTrFYIf/oSZ1xNQ+hVVijgLkiDZh7jRRsh+Gw=="],

    "@types/react": ["@types/react@19.1.13", "", { "dependencies": { "csstype": "^3.0.2" } }, "sha512-hHkbU/eoO3EG5/MZkuFSKmYqPbSVk5byPFa3e7y/8TybHiLMACgI8seVYlicwk7H5K/rI2px9xrQp/C+AUDTiQ=="],

    "asynckit": ["asynckit@0.4.0", "", {}, "sha512-Oei9OH4tRh0YqU3GxhX79dM/mwVgvbZJaSNaRk+bshkj0S5cfHcgYakreBjrHwatXKbz+IoIdYLxrKim2MjW0Q=="],

    "axios": ["axios@1.8.4", "", { "dependencies": { "follow-redirects": "^1.15.6", "form-data": "^4.0.0", "proxy-from-env": "^1.1.0" } }, "sha512-eBSYY4Y68NNlHbHBMdeDmKNtDgXWhQsJcGqzO3iLUM0GraQFSS9cVgPX5I9b3lbdFKyYoAEGAZF1DwhTaljNAw=="],

    "base58-js": ["base58-js@1.0.5", "", {}, "sha512-LkkAPP8Zu+c0SVNRTRVDyMfKVORThX+rCViget00xdgLRrKkClCTz1T7cIrpr69ShwV5XJuuoZvMvJ43yURwkA=="],

    "base64-js": ["base64-js@1.5.1", "", {}, "sha512-AKpaYlHn8t4SVbOHCy+b5+KKgvR4vrsD8vbvrbiQJps7fKDTkjkDry6ji0rUJjC0kzbNePLwzxq8iypo41qeWA=="],

    "bech32": ["bech32@2.0.0", "", {}, "sha512-LcknSilhIGatDAsY1ak2I8VtGaHNhgMSYVxFrGLXv+xLHytaKZKcaUJJUE7qmBr7h33o5YQwP55pMI0xmkpJwg=="],

    "bitcoin-address-validation": ["bitcoin-address-validation@2.2.3", "", { "dependencies": { "base58-js": "^1.0.0", "bech32": "^2.0.0", "sha256-uint8array": "^0.10.3" } }, "sha512-1uGCGl26Ye8JG5qcExtFLQfuib6qEZWNDo1ZlLlwp/z7ygUFby3IxolgEfgMGaC+LG9csbVASLcH8fRLv7DIOg=="],

    "bowser": ["bowser@2.12.1", "", {}, "sha512-z4rE2Gxh7tvshQ4hluIT7XcFrgLIQaw9X3A+kTTRdovCz5PMukm/0QC/BKSYPj3omF5Qfypn9O/c5kgpmvYUCw=="],

    "buffer": ["buffer@6.0.3", "", { "dependencies": { "base64-js": "^1.3.1", "ieee754": "^1.2.1" } }, "sha512-FTiCpNxtwiZZHEZbcbTIcZjERVICn9yq/pDFkTl95/AxzD1naBctN7YO68riM/gLSDY7sdrMby8hofADYuuqOA=="],

    "bun-types": ["bun-types@1.2.21", "", { "dependencies": { "@types/node": "*" }, "peerDependencies": { "@types/react": "^19" } }, "sha512-sa2Tj77Ijc/NTLS0/Odjq/qngmEPZfbfnOERi0KRUYhT9R8M4VBioWVmMWE5GrYbKMc+5lVybXygLdibHaqVqw=="],

    "call-bind-apply-helpers": ["call-bind-apply-helpers@1.0.2", "", { "dependencies": { "es-errors": "^1.3.0", "function-bind": "^1.1.2" } }, "sha512-Sp1ablJ0ivDkSzjcaJdxEunN5/XvksFJ2sMBFfq6x0ryhQV/2b/KwFe21cMpmHtPOSij8K99/wSfoEuTObmuMQ=="],

    "cbor-extract": ["cbor-extract@2.2.0", "", { "dependencies": { "node-gyp-build-optional-packages": "5.1.1" }, "optionalDependencies": { "@cbor-extract/cbor-extract-darwin-arm64": "2.2.0", "@cbor-extract/cbor-extract-darwin-x64": "2.2.0", "@cbor-extract/cbor-extract-linux-arm": "2.2.0", "@cbor-extract/cbor-extract-linux-arm64": "2.2.0", "@cbor-extract/cbor-extract-linux-x64": "2.2.0", "@cbor-extract/cbor-extract-win32-x64": "2.2.0" }, "bin": { "download-cbor-prebuilds": "bin/download-prebuilds.js" } }, "sha512-Ig1zM66BjLfTXpNgKpvBePq271BPOvu8MR0Jl080yG7Jsl+wAZunfrwiwA+9ruzm/WEdIV5QF/bjDZTqyAIVHA=="],

    "cbor-x": ["cbor-x@1.6.0", "", { "optionalDependencies": { "cbor-extract": "^2.2.0" } }, "sha512-0kareyRwHSkL6ws5VXHEf8uY1liitysCVJjlmhaLG+IXLqhSaOO+t63coaso7yjwEzWZzLy8fJo06gZDVQM9Qg=="],

    "combined-stream": ["combined-stream@1.0.8", "", { "dependencies": { "delayed-stream": "~1.0.0" } }, "sha512-FQN4MRfuJeHf7cBbBMJFXhKSDq+2kAArBlmRBvcvFE5BB1HZKXtSFASDhdlz9zOYwxh8lDdnvmMOe/+5cdoEdg=="],

    "csstype": ["csstype@3.1.3", "", {}, "sha512-M1uQkMl8rQK/szD0LNhtqxIPLpimGm8sOBwU7lLnCpSbTyY3yeU1Vc7l4KT5zT4s/yOxHH5O7tIuuLOCnLADRw=="],

    "delayed-stream": ["delayed-stream@1.0.0", "", {}, "sha512-ZySD7Nf91aLB0RxL4KGrKHBXl7Eds1DAmEdcoVawXnLD7SDhpNgtuII2aAkg7a7QS41jxPSZ17p4VdGnMHk3MQ=="],

    "detect-libc": ["detect-libc@2.0.4", "", {}, "sha512-3UDv+G9CsCKO1WKMGw9fwq/SWJYbI0c5Y7LU1AXYoDdbhE2AHQ6N6Nb34sG8Fj7T5APy8qXDCKuuIHd1BR0tVA=="],

    "dunder-proto": ["dunder-proto@1.0.1", "", { "dependencies": { "call-bind-apply-helpers": "^1.0.1", "es-errors": "^1.3.0", "gopd": "^1.2.0" } }, "sha512-KIN/nDJBQRcXw0MLVhZE9iQHmG68qAVIBg9CqmUYjmQIhgij9U5MFvrqkUL5FbtyyzZuOeOt0zdeRe4UY7ct+A=="],

    "es-define-property": ["es-define-property@1.0.1", "", {}, "sha512-e3nRfgfUZ4rNGL232gUgX06QNyyez04KdjFrF+LTRoOXmrOgFKDg4BCdsjW8EnT69eqdYGmRpJwiPVYNrCaW3g=="],

    "es-errors": ["es-errors@1.3.0", "", {}, "sha512-Zf5H2Kxt2xjTvbJvP2ZWLEICxA6j+hAmMzIlypy4xcBg1vKVnx89Wy0GbS+kf5cwCVFFzdCFh2XSCFNULS6csw=="],

    "es-object-atoms": ["es-object-atoms@1.1.1", "", { "dependencies": { "es-errors": "^1.3.0" } }, "sha512-FGgH2h8zKNim9ljj7dankFPcICIK9Cp5bm+c2gQSYePhpaG5+esrLODihIorn+Pe6FGJzWhXQotPv73jTaldXA=="],

    "es-set-tostringtag": ["es-set-tostringtag@2.1.0", "", { "dependencies": { "es-errors": "^1.3.0", "get-intrinsic": "^1.2.6", "has-tostringtag": "^1.0.2", "hasown": "^2.0.2" } }, "sha512-j6vWzfrGVfyXxge+O0x5sh6cvxAog0a/4Rdd2K36zCMV5eJ+/+tOAngRO8cODMNWbVRdVlmGZQL2YS3yR8bIUA=="],

    "follow-redirects": ["follow-redirects@1.15.11", "", {}, "sha512-deG2P0JfjrTxl50XGCDyfI97ZGVCxIpfKYmfyrQ54n5FO/0gfIES8C/Psl6kWVDolizcaaxZJnTS0QSMxvnsBQ=="],

    "form-data": ["form-data@4.0.4", "", { "dependencies": { "asynckit": "^0.4.0", "combined-stream": "^1.0.8", "es-set-tostringtag": "^2.1.0", "hasown": "^2.0.2", "mime-types": "^2.1.12" } }, "sha512-KrGhL9Q4zjj0kiUt5OO4Mr/A/jlI2jDYs5eHBpYHPcBEVSiipAvn2Ko2HnPe20rmcuuvMHNdZFp+4IlGTMF0Ow=="],

    "function-bind": ["function-bind@1.1.2", "", {}, "sha512-7XHNxH7qX9xG5mIwxkhumTox/MIRNcOgDrxWsMt2pAr23WHp6MrRlN7FBSFpCpr+oVO0F744iUgR82nJMfG2SA=="],

    "get-intrinsic": ["get-intrinsic@1.3.0", "", { "dependencies": { "call-bind-apply-helpers": "^1.0.2", "es-define-property": "^1.0.1", "es-errors": "^1.3.0", "es-object-atoms": "^1.1.1", "function-bind": "^1.1.2", "get-proto": "^1.0.1", "gopd": "^1.2.0", "has-symbols": "^1.1.0", "hasown": "^2.0.2", "math-intrinsics": "^1.1.0" } }, "sha512-9fSjSaos/fRIVIp+xSJlE6lfwhES7LNtKaCBIamHsjr2na1BiABJPo0mOjjz8GJDURarmCPGqaiVg5mfjb98CQ=="],

    "get-proto": ["get-proto@1.0.1", "", { "dependencies": { "dunder-proto": "^1.0.1", "es-object-atoms": "^1.0.0" } }, "sha512-sTSfBjoXBp89JvIKIefqw7U2CCebsc74kiY6awiGogKtoSGbgjYE/G/+l9sF3MWFPNc9IcoOC4ODfKHfxFmp0g=="],

    "gopd": ["gopd@1.2.0", "", {}, "sha512-ZUKRh6/kUFoAiTAtTYPZJ3hw9wNxx+BIBOijnlG9PnrJsCcSjs1wyyD6vJpaYtgnzDrKYRSqf3OO6Rfa93xsRg=="],

    "has-symbols": ["has-symbols@1.1.0", "", {}, "sha512-1cDNdwJ2Jaohmb3sg4OmKaMBwuC48sYni5HUw2DvsC8LjGTLK9h+eb1X6RyuOHe4hT0ULCW68iomhjUoKUqlPQ=="],

    "has-tostringtag": ["has-tostringtag@1.0.2", "", { "dependencies": { "has-symbols": "^1.0.3" } }, "sha512-NqADB8VjPFLM2V0VvHUewwwsw0ZWBaIdgo+ieHtK3hasLz4qeCRjYcqfB6AQrBggRKppKF8L52/VqdVsO47Dlw=="],

    "hasown": ["hasown@2.0.2", "", { "dependencies": { "function-bind": "^1.1.2" } }, "sha512-0hJU9SCPvmMzIBdZFqNPXWa6dqh7WdH0cII9y+CyS8rG3nL48Bclra9HmKhVVUHyPWNH5Y7xDwAB7bfgSjkUMQ=="],

    "hono": ["hono@4.9.7", "", {}, "sha512-t4Te6ERzIaC48W3x4hJmBwgNlLhmiEdEE5ViYb02ffw4ignHNHa5IBtPjmbKstmtKa8X6C35iWwK4HaqvrzG9w=="],

    "ieee754": ["ieee754@1.2.1", "", {}, "sha512-dcyqhDvX1C46lXZcVqCpK+FtMRQVdIMN6/Df5js2zouUsqG7I6sFxitIC+7KYK29KdXOLHdu9zL4sFnoVQnqaA=="],

    "jsontokens": ["jsontokens@4.0.1", "", { "dependencies": { "@noble/hashes": "^1.1.2", "@noble/secp256k1": "^1.6.3", "base64-js": "^1.5.1" } }, "sha512-+MO415LEN6M+3FGsRz4wU20g7N2JA+2j9d9+pGaNJHviG4L8N0qzavGyENw6fJqsq9CcrHOIL6iWX5yeTZ86+Q=="],

    "math-intrinsics": ["math-intrinsics@1.1.0", "", {}, "sha512-/IXtbwEk5HTPyEwyKX6hGkYXxM9nbj64B+ilVJnC/R6B0pH5G4V3b0pVbL7DBj4tkhBAppbQUlf6F6Xl9LHu1g=="],

    "mime-db": ["mime-db@1.52.0", "", {}, "sha512-sPU4uV7dYlvtWJxwwxHD0PuihVNiE7TyAbQ5SWxDCB9mUYvOgroQOwYQQOKPJ8CIbE+1ETVlOoK1UC2nU3gYvg=="],

    "mime-types": ["mime-types@2.1.35", "", { "dependencies": { "mime-db": "1.52.0" } }, "sha512-ZDY+bPm5zTTF+YpCrAU9nK0UgICYPT0QtT1NZWFv4s++TNkcgVaT0g6+4R2uI4MjQjzysHB1zxuWL50hzaeXiw=="],

    "node-gyp-build-optional-packages": ["node-gyp-build-optional-packages@5.1.1", "", { "dependencies": { "detect-libc": "^2.0.1" }, "bin": { "node-gyp-build-optional-packages": "bin.js", "node-gyp-build-optional-packages-test": "build-test.js", "node-gyp-build-optional-packages-optional": "optional.js" } }, "sha512-+P72GAjVAbTxjjwUmwjVrqrdZROD4nf8KgpBoDxqXXTiYZZt/ud60dE5yvCSr9lRO8e8yv6kgJIC0K0PfZFVQw=="],

    "proxy-from-env": ["proxy-from-env@1.1.0", "", {}, "sha512-D+zkORCbA9f1tdWRK0RaCR3GPv50cMxcrz4X8k5LTSUD1Dkw47mKJEZQNunItRTkWwgtaUSo1RVFRIG9ZXiFYg=="],

    "sats-connect": ["sats-connect@3.6.1", "", { "dependencies": { "@sats-connect/core": "0.6.11", "@sats-connect/make-default-provider-config": "0.0.10", "@sats-connect/ui": "0.0.7", "valibot": "1.1.0" } }, "sha512-57yyNbyyzrWyRR46Bui6RKhQoFe9SsEwXR2wqGXzZYdgzIwvK0tApPc3CWbL/A7fkvCuAOjxqWG3ZdmfgPNEdg=="],

    "sha256-uint8array": ["sha256-uint8array@0.10.7", "", {}, "sha512-1Q6JQU4tX9NqsDGodej6pkrUVQVNapLZnvkwIhddH/JqzBZF1fSaxSWNY6sziXBE8aEa2twtGkXUrwzGeZCMpQ=="],

    "typescript": ["typescript@5.9.2", "", { "bin": { "tsc": "bin/tsc", "tsserver": "bin/tsserver" } }, "sha512-CWBzXQrc/qOkhidw1OzBTQuYRbfyxDXJMVJ1XNwUHGROVmuaeiEm3OslpZ1RV96d7SKKjZKrSJu3+t/xlw3R9A=="],

    "undici-types": ["undici-types@7.10.0", "", {}, "sha512-t5Fy/nfn+14LuOc2KNYg75vZqClpAiqscVvMygNnlsHBFpSXdJaYtXMcdNLpl/Qvc3P2cB3s6lOV51nqsFq4ag=="],

    "valibot": ["valibot@1.1.0", "", { "peerDependencies": { "typescript": ">=5" }, "optionalPeers": ["typescript"] }, "sha512-Nk8lX30Qhu+9txPYTwM0cFlWLdPFsFr6LblzqIySfbZph9+BFsAHsNvHOymEviUepeIW6KFHzpX8TKhbptBXXw=="],

    "@jsr/cross__dir/@jsr/cross__utils": ["@jsr/cross__utils@0.7.1", "https://npm.jsr.io/~/11/@jsr/cross__utils/0.7.1.tgz", { "dependencies": { "@jsr/cross__runtime": "^1.0.0" } }, "sha512-eR7g6g9DDd4Uuy+9+4LOgdwi6KOeMRQbMSEIwTQFFpZ5hh5SY1MxZWkUZyX5CuKW6FrOMV9UHNopC+ujEHn1yA=="],

    "@sats-connect/make-default-provider-config/@sats-connect/ui": ["@sats-connect/ui@0.0.6", "", {}, "sha512-H3bFFhr9CcY1oNosNi/QJszmMHSht4U19bUWfM3vzayAKgV4ebY6iUnRK5g3p2rVLLWVzlpaw1J9m+7JWwyBfA=="],
  }
}
